{
    "_readme": [
        "This file locks the dependencies of your project to a known state",
        "Read more about it at https://getcomposer.org/doc/01-basic-usage.md#installing-dependencies",
        "This file is @generated automatically"
    ],
    "content-hash": "bcfe72b17af0c4874c4ae05300888958",
    "packages": [
        {
            "name": "azpay/sdk-php-7",
            "version": "v1.7.0",
            "source": {
                "type": "git",
                "url": "https://github.com/azpay/SDK-PHP-7.git",
                "reference": "045879870bfc3197108874315ea796b214167ca3"
            },
            "dist": {
                "type": "zip",
                "url": "https://api.github.com/repos/azpay/SDK-PHP-7/zipball/045879870bfc3197108874315ea796b214167ca3",
                "reference": "045879870bfc3197108874315ea796b214167ca3",
                "shasum": ""
            },
            "require": {
                "ext-json": "*",
                "php": ">=7.0"
            },
            "type": "library",
            "autoload": {
                "psr-4": {
                    "Gateway\\API\\": "src/gateway/API/"
                },
                "psr-0": {
                    "Gateway\\API\\": "src/gateway/API"
                }
            },
            "notification-url": "https://packagist.org/downloads/",
            "license": [
                "MIT"
            ],
            "authors": [
                {
                    "name": "Bruno Paz",
                    "email": "brunopaz@azpay.com.br"
                }
            ],
            "description": "SDK PHP AZPAY",
            "time": "2021-01-19T18:49:54+00:00"
        }
    ],
    "packages-dev": [],
    "aliases": [],
    "minimum-stability": "stable",
    "stability-flags": [],
    "prefer-stable": false,
    "prefer-lowest": false,
    "platform": [],
    "platform-dev": []
}
